// !$*UTF8*$!
{
	archiveVersion = 1;
	classes = {
	};
	objectVersion = 51;
	objects = {

/* Begin PBXBuildFile section */
		7400C74821A153F200DFD5A3 /* AppDelegate.swift in Sources */ = {isa = PBXBuildFile; fileRef = 7400C74721A153F200DFD5A3 /* AppDelegate.swift */; };
		7400C74F21A153F500DFD5A3 /* Assets.xcassets in Resources */ = {isa = PBXBuildFile; fileRef = 7400C74E21A153F500DFD5A3 /* Assets.xcassets */; };
		7400C75D21A153F500DFD5A3 /* ExCarsTests.swift in Sources */ = {isa = PBXBuildFile; fileRef = 7400C75C21A153F500DFD5A3 /* ExCarsTests.swift */; };
		7400C76821A153F500DFD5A3 /* ExCarsUITests.swift in Sources */ = {isa = PBXBuildFile; fileRef = 7400C76721A153F500DFD5A3 /* ExCarsUITests.swift */; };
		740F6ABC21B5CEDF00A955A4 /* ExclusivePresenter.swift in Sources */ = {isa = PBXBuildFile; fileRef = 740F6ABB21B5CEDF00A955A4 /* ExclusivePresenter.swift */; };
		740F6ABE21B5DAB500A955A4 /* Presenter.swift in Sources */ = {isa = PBXBuildFile; fileRef = 740F6ABD21B5DAB500A955A4 /* Presenter.swift */; };
		740F6AC021B6F31E00A955A4 /* RideViewController.swift in Sources */ = {isa = PBXBuildFile; fileRef = 740F6ABF21B6F31E00A955A4 /* RideViewController.swift */; };
		7415AEDC21A5D1660042674A /* WSClient.swift in Sources */ = {isa = PBXBuildFile; fileRef = 7415AEDB21A5D1660042674A /* WSClient.swift */; };
		742BCD7421C6529500403EBA /* RideViewCell.xib in Resources */ = {isa = PBXBuildFile; fileRef = 742BCD7321C6529500403EBA /* RideViewCell.xib */; };
		742BCD7621C652CF00403EBA /* RideViewCell.swift in Sources */ = {isa = PBXBuildFile; fileRef = 742BCD7521C652CF00403EBA /* RideViewCell.swift */; };
		7438806A21C815D0009C339A /* LoginView.swift in Sources */ = {isa = PBXBuildFile; fileRef = 7438806921C815D0009C339A /* LoginView.swift */; };
		7438806C21C815DC009C339A /* LoginView.xib in Resources */ = {isa = PBXBuildFile; fileRef = 7438806B21C815DC009C339A /* LoginView.xib */; };
		7438806F21C9672E009C339A /* Designable.swift in Sources */ = {isa = PBXBuildFile; fileRef = 7438806E21C9672E009C339A /* Designable.swift */; };
		7438807121C990C1009C339A /* ActivityButton.swift in Sources */ = {isa = PBXBuildFile; fileRef = 7438807021C990C1009C339A /* ActivityButton.swift */; };
		744E6B8821B12CF4002CC847 /* WelcomeViewController.swift in Sources */ = {isa = PBXBuildFile; fileRef = 744E6B8721B12CF4002CC847 /* WelcomeViewController.swift */; };
		745418ED21A35BCA00EF3F09 /* APIRouter.swift in Sources */ = {isa = PBXBuildFile; fileRef = 745418EC21A35BCA00EF3F09 /* APIRouter.swift */; };
		745418EF21A360EA00EF3F09 /* KeyChain.swift in Sources */ = {isa = PBXBuildFile; fileRef = 745418EE21A360EA00EF3F09 /* KeyChain.swift */; };
		7462254521B48144001E3C40 /* RideRequestViewController.swift in Sources */ = {isa = PBXBuildFile; fileRef = 7462254421B48144001E3C40 /* RideRequestViewController.swift */; };
		74693F8C21F4998C0086A615 /* MapView.swift in Sources */ = {isa = PBXBuildFile; fileRef = 74693F8B21F4998C0086A615 /* MapView.swift */; };
		74693F8E21F499950086A615 /* MapView.xib in Resources */ = {isa = PBXBuildFile; fileRef = 74693F8D21F499950086A615 /* MapView.xib */; };
		746E42BB21B40E2500F083C3 /* RideView.xib in Resources */ = {isa = PBXBuildFile; fileRef = 746E42BA21B40E2500F083C3 /* RideView.xib */; };
		746E42BD21B40E3F00F083C3 /* RideView.swift in Sources */ = {isa = PBXBuildFile; fileRef = 746E42BC21B40E3F00F083C3 /* RideView.swift */; };
		746E42BF21B4142100F083C3 /* ProfileViewController.swift in Sources */ = {isa = PBXBuildFile; fileRef = 746E42BE21B4142100F083C3 /* ProfileViewController.swift */; };
		746E42C321B4352100F083C3 /* BottomViewController.swift in Sources */ = {isa = PBXBuildFile; fileRef = 746E42C221B4352100F083C3 /* BottomViewController.swift */; };
		746E7ECA21BC2D7D0041ACAD /* RideRequest.swift in Sources */ = {isa = PBXBuildFile; fileRef = 746E7EC921BC2D7D0041ACAD /* RideRequest.swift */; };
		747FDFEF21A19B8E00BD8D75 /* LoginViewController.swift in Sources */ = {isa = PBXBuildFile; fileRef = 747FDFEE21A19B8E00BD8D75 /* LoginViewController.swift */; };
		748BA64121E68D0F00384CB4 /* Configuration.swift in Sources */ = {isa = PBXBuildFile; fileRef = 748BA64021E68D0F00384CB4 /* Configuration.swift */; };
		749355C221F397C500E7FC1F /* MenuViewController.swift in Sources */ = {isa = PBXBuildFile; fileRef = 749355C121F397C500E7FC1F /* MenuViewController.swift */; };
		749355C421F3980B00E7FC1F /* MenuView.swift in Sources */ = {isa = PBXBuildFile; fileRef = 749355C321F3980B00E7FC1F /* MenuView.swift */; };
		749355C621F398A100E7FC1F /* MenuView.xib in Resources */ = {isa = PBXBuildFile; fileRef = 749355C521F398A100E7FC1F /* MenuView.xib */; };
		74A204B421C67365004B8A2D /* Ride.swift in Sources */ = {isa = PBXBuildFile; fileRef = 74A204B321C67365004B8A2D /* Ride.swift */; };
		74A21CB821A605A500982247 /* ProfileView.xib in Resources */ = {isa = PBXBuildFile; fileRef = 74A21CB721A605A500982247 /* ProfileView.xib */; };
		74A21CBA21A605B600982247 /* ProfileView.swift in Sources */ = {isa = PBXBuildFile; fileRef = 74A21CB921A605B600982247 /* ProfileView.swift */; };
		74D2CC4921CB0258004FD613 /* BaseProfileView.swift in Sources */ = {isa = PBXBuildFile; fileRef = 74D2CC4821CB0258004FD613 /* BaseProfileView.swift */; };
		74D2CC4B21CB027B004FD613 /* BaseProfileView.xib in Resources */ = {isa = PBXBuildFile; fileRef = 74D2CC4A21CB027B004FD613 /* BaseProfileView.xib */; };
		74D3240B21B1779B0096963E /* User.swift in Sources */ = {isa = PBXBuildFile; fileRef = 74D3240A21B1779B0096963E /* User.swift */; };
		74E2F0C821AC0E550092FEEF /* Profile.swift in Sources */ = {isa = PBXBuildFile; fileRef = 74E2F0C721AC0E550092FEEF /* Profile.swift */; };
		74E2F0CC21AC17650092FEEF /* APIClient.swift in Sources */ = {isa = PBXBuildFile; fileRef = 74E2F0CB21AC17650092FEEF /* APIClient.swift */; };
		74E2F0CE21AC2EFF0092FEEF /* Auth.swift in Sources */ = {isa = PBXBuildFile; fileRef = 74E2F0CD21AC2EFF0092FEEF /* Auth.swift */; };
		74E2F0D021AC37470092FEEF /* XibView.swift in Sources */ = {isa = PBXBuildFile; fileRef = 74E2F0CF21AC37470092FEEF /* XibView.swift */; };
		74E2F0D421AC59C10092FEEF /* Message.swift in Sources */ = {isa = PBXBuildFile; fileRef = 74E2F0D321AC59C10092FEEF /* Message.swift */; };
		74E2F0E021AD3F8D0092FEEF /* RideRequestView.xib in Resources */ = {isa = PBXBuildFile; fileRef = 74E2F0DF21AD3F8D0092FEEF /* RideRequestView.xib */; };
		74E2F0E221AD3FA10092FEEF /* RideRequestView.swift in Sources */ = {isa = PBXBuildFile; fileRef = 74E2F0E121AD3FA10092FEEF /* RideRequestView.swift */; };
		74F1167621D375A500738E59 /* Secrets.swift in Sources */ = {isa = PBXBuildFile; fileRef = 74F1167521D375A500738E59 /* Secrets.swift */; };
		74F1167821D3F26900738E59 /* HeaderViewCell.xib in Resources */ = {isa = PBXBuildFile; fileRef = 74F1167721D3F26900738E59 /* HeaderViewCell.xib */; };
		74F1167A21D3F37600738E59 /* HeaderViewCell.swift in Sources */ = {isa = PBXBuildFile; fileRef = 74F1167921D3F37600738E59 /* HeaderViewCell.swift */; };
		74F1167C21D403E300738E59 /* EmptyRideView.xib in Resources */ = {isa = PBXBuildFile; fileRef = 74F1167B21D403E300738E59 /* EmptyRideView.xib */; };
		74F1167E21D403F300738E59 /* EmptyRideView.swift in Sources */ = {isa = PBXBuildFile; fileRef = 74F1167D21D403F300738E59 /* EmptyRideView.swift */; };
		74F7CD0A21B08145003463A9 /* LaunchViewController.swift in Sources */ = {isa = PBXBuildFile; fileRef = 74F7CD0921B08145003463A9 /* LaunchViewController.swift */; };
		74F7CD0C21B08866003463A9 /* ViewController.swift in Sources */ = {isa = PBXBuildFile; fileRef = 74F7CD0B21B08865003463A9 /* ViewController.swift */; };
		74FBBA8B21E7C5F600E5203E /* Colors.xcassets in Resources */ = {isa = PBXBuildFile; fileRef = 74FBBA8A21E7C5F600E5203E /* Colors.xcassets */; };
		74FCC59F21EB933D00644765 /* MapItem.swift in Sources */ = {isa = PBXBuildFile; fileRef = 74FCC59E21EB933D00644765 /* MapItem.swift */; };
		74FCC5A121EB974900644765 /* Destination.swift in Sources */ = {isa = PBXBuildFile; fileRef = 74FCC5A021EB974900644765 /* Destination.swift */; };
		74FCC5A321EB976300644765 /* Role.swift in Sources */ = {isa = PBXBuildFile; fileRef = 74FCC5A221EB976300644765 /* Role.swift */; };
		74FCC5A521EB978500644765 /* Location.swift in Sources */ = {isa = PBXBuildFile; fileRef = 74FCC5A421EB978500644765 /* Location.swift */; };
		74FF005221AE9A8D00D588BA /* WelcomeView.xib in Resources */ = {isa = PBXBuildFile; fileRef = 74FF005121AE9A8D00D588BA /* WelcomeView.xib */; };
		74FF005421AE9BC000D588BA /* WelcomeView.swift in Sources */ = {isa = PBXBuildFile; fileRef = 74FF005321AE9BC000D588BA /* WelcomeView.swift */; };
		BD2E4109E5C82AAC0AC7AD28 /* Pods_ExCars.framework in Frameworks */ = {isa = PBXBuildFile; fileRef = FEA4426F5266D8890A9B1B9D /* Pods_ExCars.framework */; };
		D59A320722645AAE006481BD /* LaunchScreen.storyboard in Resources */ = {isa = PBXBuildFile; fileRef = D59A320622645AAE006481BD /* LaunchScreen.storyboard */; };
		D5A5383B22637D950068D8C1 /* AuthFacade.swift in Sources */ = {isa = PBXBuildFile; fileRef = D5A5383A22637D950068D8C1 /* AuthFacade.swift */; };
/* End PBXBuildFile section */

/* Begin PBXContainerItemProxy section */
		7400C75921A153F500DFD5A3 /* PBXContainerItemProxy */ = {
			isa = PBXContainerItemProxy;
			containerPortal = 7400C73C21A153F200DFD5A3 /* Project object */;
			proxyType = 1;
			remoteGlobalIDString = 7400C74321A153F200DFD5A3;
			remoteInfo = ExCars;
		};
		7400C76421A153F500DFD5A3 /* PBXContainerItemProxy */ = {
			isa = PBXContainerItemProxy;
			containerPortal = 7400C73C21A153F200DFD5A3 /* Project object */;
			proxyType = 1;
			remoteGlobalIDString = 7400C74321A153F200DFD5A3;
			remoteInfo = ExCars;
		};
/* End PBXContainerItemProxy section */

/* Begin PBXFileReference section */
		2423949B5B65E8DEA86C77A5 /* Pods-ExCars.release.xcconfig */ = {isa = PBXFileReference; includeInIndex = 1; lastKnownFileType = text.xcconfig; name = "Pods-ExCars.release.xcconfig"; path = "Pods/Target Support Files/Pods-ExCars/Pods-ExCars.release.xcconfig"; sourceTree = "<group>"; };
		3CDDA33E29E2D5384CF7A66C /* Pods-ExCars.debug.xcconfig */ = {isa = PBXFileReference; includeInIndex = 1; lastKnownFileType = text.xcconfig; name = "Pods-ExCars.debug.xcconfig"; path = "Pods/Target Support Files/Pods-ExCars/Pods-ExCars.debug.xcconfig"; sourceTree = "<group>"; };
		7400C74421A153F200DFD5A3 /* ExCars.app */ = {isa = PBXFileReference; explicitFileType = wrapper.application; includeInIndex = 0; path = ExCars.app; sourceTree = BUILT_PRODUCTS_DIR; };
		7400C74721A153F200DFD5A3 /* AppDelegate.swift */ = {isa = PBXFileReference; lastKnownFileType = sourcecode.swift; path = AppDelegate.swift; sourceTree = "<group>"; };
		7400C74E21A153F500DFD5A3 /* Assets.xcassets */ = {isa = PBXFileReference; lastKnownFileType = folder.assetcatalog; path = Assets.xcassets; sourceTree = "<group>"; };
		7400C75321A153F500DFD5A3 /* Info.plist */ = {isa = PBXFileReference; lastKnownFileType = text.plist.xml; path = Info.plist; sourceTree = "<group>"; };
		7400C75821A153F500DFD5A3 /* ExCarsTests.xctest */ = {isa = PBXFileReference; explicitFileType = wrapper.cfbundle; includeInIndex = 0; path = ExCarsTests.xctest; sourceTree = BUILT_PRODUCTS_DIR; };
		7400C75C21A153F500DFD5A3 /* ExCarsTests.swift */ = {isa = PBXFileReference; lastKnownFileType = sourcecode.swift; path = ExCarsTests.swift; sourceTree = "<group>"; };
		7400C75E21A153F500DFD5A3 /* Info.plist */ = {isa = PBXFileReference; lastKnownFileType = text.plist.xml; path = Info.plist; sourceTree = "<group>"; };
		7400C76321A153F500DFD5A3 /* ExCarsUITests.xctest */ = {isa = PBXFileReference; explicitFileType = wrapper.cfbundle; includeInIndex = 0; path = ExCarsUITests.xctest; sourceTree = BUILT_PRODUCTS_DIR; };
		7400C76721A153F500DFD5A3 /* ExCarsUITests.swift */ = {isa = PBXFileReference; lastKnownFileType = sourcecode.swift; path = ExCarsUITests.swift; sourceTree = "<group>"; };
		7400C76921A153F500DFD5A3 /* Info.plist */ = {isa = PBXFileReference; lastKnownFileType = text.plist.xml; path = Info.plist; sourceTree = "<group>"; };
		740F6ABB21B5CEDF00A955A4 /* ExclusivePresenter.swift */ = {isa = PBXFileReference; lastKnownFileType = sourcecode.swift; path = ExclusivePresenter.swift; sourceTree = "<group>"; };
		740F6ABD21B5DAB500A955A4 /* Presenter.swift */ = {isa = PBXFileReference; lastKnownFileType = sourcecode.swift; path = Presenter.swift; sourceTree = "<group>"; };
		740F6ABF21B6F31E00A955A4 /* RideViewController.swift */ = {isa = PBXFileReference; lastKnownFileType = sourcecode.swift; path = RideViewController.swift; sourceTree = "<group>"; };
		7415AEDB21A5D1660042674A /* WSClient.swift */ = {isa = PBXFileReference; lastKnownFileType = sourcecode.swift; path = WSClient.swift; sourceTree = "<group>"; };
		742BCD7321C6529500403EBA /* RideViewCell.xib */ = {isa = PBXFileReference; lastKnownFileType = file.xib; path = RideViewCell.xib; sourceTree = "<group>"; };
		742BCD7521C652CF00403EBA /* RideViewCell.swift */ = {isa = PBXFileReference; lastKnownFileType = sourcecode.swift; path = RideViewCell.swift; sourceTree = "<group>"; };
		7438806921C815D0009C339A /* LoginView.swift */ = {isa = PBXFileReference; lastKnownFileType = sourcecode.swift; path = LoginView.swift; sourceTree = "<group>"; };
		7438806B21C815DC009C339A /* LoginView.xib */ = {isa = PBXFileReference; lastKnownFileType = file.xib; path = LoginView.xib; sourceTree = "<group>"; };
		7438806E21C9672E009C339A /* Designable.swift */ = {isa = PBXFileReference; lastKnownFileType = sourcecode.swift; path = Designable.swift; sourceTree = "<group>"; };
		7438807021C990C1009C339A /* ActivityButton.swift */ = {isa = PBXFileReference; lastKnownFileType = sourcecode.swift; path = ActivityButton.swift; sourceTree = "<group>"; };
		744E6B8721B12CF4002CC847 /* WelcomeViewController.swift */ = {isa = PBXFileReference; lastKnownFileType = sourcecode.swift; path = WelcomeViewController.swift; sourceTree = "<group>"; };
		745418EC21A35BCA00EF3F09 /* APIRouter.swift */ = {isa = PBXFileReference; lastKnownFileType = sourcecode.swift; path = APIRouter.swift; sourceTree = "<group>"; };
		745418EE21A360EA00EF3F09 /* KeyChain.swift */ = {isa = PBXFileReference; lastKnownFileType = sourcecode.swift; path = KeyChain.swift; sourceTree = "<group>"; };
		7462254421B48144001E3C40 /* RideRequestViewController.swift */ = {isa = PBXFileReference; lastKnownFileType = sourcecode.swift; path = RideRequestViewController.swift; sourceTree = "<group>"; };
		74693F8B21F4998C0086A615 /* MapView.swift */ = {isa = PBXFileReference; lastKnownFileType = sourcecode.swift; path = MapView.swift; sourceTree = "<group>"; };
		74693F8D21F499950086A615 /* MapView.xib */ = {isa = PBXFileReference; lastKnownFileType = file.xib; path = MapView.xib; sourceTree = "<group>"; };
		746E42BA21B40E2500F083C3 /* RideView.xib */ = {isa = PBXFileReference; lastKnownFileType = file.xib; path = RideView.xib; sourceTree = "<group>"; };
		746E42BC21B40E3F00F083C3 /* RideView.swift */ = {isa = PBXFileReference; lastKnownFileType = sourcecode.swift; path = RideView.swift; sourceTree = "<group>"; };
		746E42BE21B4142100F083C3 /* ProfileViewController.swift */ = {isa = PBXFileReference; lastKnownFileType = sourcecode.swift; path = ProfileViewController.swift; sourceTree = "<group>"; };
		746E42C221B4352100F083C3 /* BottomViewController.swift */ = {isa = PBXFileReference; lastKnownFileType = sourcecode.swift; path = BottomViewController.swift; sourceTree = "<group>"; };
		746E7EC921BC2D7D0041ACAD /* RideRequest.swift */ = {isa = PBXFileReference; lastKnownFileType = sourcecode.swift; path = RideRequest.swift; sourceTree = "<group>"; };
		747FDFEE21A19B8E00BD8D75 /* LoginViewController.swift */ = {isa = PBXFileReference; lastKnownFileType = sourcecode.swift; path = LoginViewController.swift; sourceTree = "<group>"; };
		748BA64021E68D0F00384CB4 /* Configuration.swift */ = {isa = PBXFileReference; lastKnownFileType = sourcecode.swift; path = Configuration.swift; sourceTree = "<group>"; };
		749355C121F397C500E7FC1F /* MenuViewController.swift */ = {isa = PBXFileReference; lastKnownFileType = sourcecode.swift; path = MenuViewController.swift; sourceTree = "<group>"; };
		749355C321F3980B00E7FC1F /* MenuView.swift */ = {isa = PBXFileReference; lastKnownFileType = sourcecode.swift; path = MenuView.swift; sourceTree = "<group>"; };
		749355C521F398A100E7FC1F /* MenuView.xib */ = {isa = PBXFileReference; lastKnownFileType = file.xib; path = MenuView.xib; sourceTree = "<group>"; };
		74A204B321C67365004B8A2D /* Ride.swift */ = {isa = PBXFileReference; lastKnownFileType = sourcecode.swift; path = Ride.swift; sourceTree = "<group>"; };
		74A21CB721A605A500982247 /* ProfileView.xib */ = {isa = PBXFileReference; lastKnownFileType = file.xib; path = ProfileView.xib; sourceTree = "<group>"; };
		74A21CB921A605B600982247 /* ProfileView.swift */ = {isa = PBXFileReference; lastKnownFileType = sourcecode.swift; path = ProfileView.swift; sourceTree = "<group>"; };
		74D2CC4821CB0258004FD613 /* BaseProfileView.swift */ = {isa = PBXFileReference; lastKnownFileType = sourcecode.swift; path = BaseProfileView.swift; sourceTree = "<group>"; };
		74D2CC4A21CB027B004FD613 /* BaseProfileView.xib */ = {isa = PBXFileReference; lastKnownFileType = file.xib; path = BaseProfileView.xib; sourceTree = "<group>"; };
		74D3240A21B1779B0096963E /* User.swift */ = {isa = PBXFileReference; lastKnownFileType = sourcecode.swift; path = User.swift; sourceTree = "<group>"; };
		74E2F0C721AC0E550092FEEF /* Profile.swift */ = {isa = PBXFileReference; lastKnownFileType = sourcecode.swift; path = Profile.swift; sourceTree = "<group>"; };
		74E2F0CB21AC17650092FEEF /* APIClient.swift */ = {isa = PBXFileReference; lastKnownFileType = sourcecode.swift; path = APIClient.swift; sourceTree = "<group>"; };
		74E2F0CD21AC2EFF0092FEEF /* Auth.swift */ = {isa = PBXFileReference; lastKnownFileType = sourcecode.swift; path = Auth.swift; sourceTree = "<group>"; };
		74E2F0CF21AC37470092FEEF /* XibView.swift */ = {isa = PBXFileReference; lastKnownFileType = sourcecode.swift; path = XibView.swift; sourceTree = "<group>"; };
		74E2F0D321AC59C10092FEEF /* Message.swift */ = {isa = PBXFileReference; lastKnownFileType = sourcecode.swift; path = Message.swift; sourceTree = "<group>"; };
		74E2F0DF21AD3F8D0092FEEF /* RideRequestView.xib */ = {isa = PBXFileReference; lastKnownFileType = file.xib; path = RideRequestView.xib; sourceTree = "<group>"; };
		74E2F0E121AD3FA10092FEEF /* RideRequestView.swift */ = {isa = PBXFileReference; lastKnownFileType = sourcecode.swift; path = RideRequestView.swift; sourceTree = "<group>"; };
		74F1167521D375A500738E59 /* Secrets.swift */ = {isa = PBXFileReference; lastKnownFileType = sourcecode.swift; path = Secrets.swift; sourceTree = "<group>"; };
		74F1167721D3F26900738E59 /* HeaderViewCell.xib */ = {isa = PBXFileReference; lastKnownFileType = file.xib; path = HeaderViewCell.xib; sourceTree = "<group>"; };
		74F1167921D3F37600738E59 /* HeaderViewCell.swift */ = {isa = PBXFileReference; lastKnownFileType = sourcecode.swift; path = HeaderViewCell.swift; sourceTree = "<group>"; };
		74F1167B21D403E300738E59 /* EmptyRideView.xib */ = {isa = PBXFileReference; lastKnownFileType = file.xib; path = EmptyRideView.xib; sourceTree = "<group>"; };
		74F1167D21D403F300738E59 /* EmptyRideView.swift */ = {isa = PBXFileReference; lastKnownFileType = sourcecode.swift; path = EmptyRideView.swift; sourceTree = "<group>"; };
		74F7CD0921B08145003463A9 /* LaunchViewController.swift */ = {isa = PBXFileReference; lastKnownFileType = sourcecode.swift; path = LaunchViewController.swift; sourceTree = "<group>"; };
		74F7CD0B21B08865003463A9 /* ViewController.swift */ = {isa = PBXFileReference; lastKnownFileType = sourcecode.swift; path = ViewController.swift; sourceTree = "<group>"; };
		74FBBA8A21E7C5F600E5203E /* Colors.xcassets */ = {isa = PBXFileReference; lastKnownFileType = folder.assetcatalog; path = Colors.xcassets; sourceTree = "<group>"; };
		74FCC59E21EB933D00644765 /* MapItem.swift */ = {isa = PBXFileReference; lastKnownFileType = sourcecode.swift; path = MapItem.swift; sourceTree = "<group>"; };
		74FCC5A021EB974900644765 /* Destination.swift */ = {isa = PBXFileReference; lastKnownFileType = sourcecode.swift; path = Destination.swift; sourceTree = "<group>"; };
		74FCC5A221EB976300644765 /* Role.swift */ = {isa = PBXFileReference; lastKnownFileType = sourcecode.swift; path = Role.swift; sourceTree = "<group>"; };
		74FCC5A421EB978500644765 /* Location.swift */ = {isa = PBXFileReference; lastKnownFileType = sourcecode.swift; path = Location.swift; sourceTree = "<group>"; };
		74FF005121AE9A8D00D588BA /* WelcomeView.xib */ = {isa = PBXFileReference; lastKnownFileType = file.xib; path = WelcomeView.xib; sourceTree = "<group>"; };
		74FF005321AE9BC000D588BA /* WelcomeView.swift */ = {isa = PBXFileReference; lastKnownFileType = sourcecode.swift; path = WelcomeView.swift; sourceTree = "<group>"; };
		A96F478CF922E74E5D152055 /* Pods-ExCars.dev.xcconfig */ = {isa = PBXFileReference; includeInIndex = 1; lastKnownFileType = text.xcconfig; name = "Pods-ExCars.dev.xcconfig"; path = "Pods/Target Support Files/Pods-ExCars/Pods-ExCars.dev.xcconfig"; sourceTree = "<group>"; };
		C4F3098860B17DAC3D4991BC /* Pods_ExCarsUITests.framework */ = {isa = PBXFileReference; explicitFileType = wrapper.framework; includeInIndex = 0; path = Pods_ExCarsUITests.framework; sourceTree = BUILT_PRODUCTS_DIR; };
		D59A320622645AAE006481BD /* LaunchScreen.storyboard */ = {isa = PBXFileReference; lastKnownFileType = file.storyboard; path = LaunchScreen.storyboard; sourceTree = "<group>"; };
		D5A5383A22637D950068D8C1 /* AuthFacade.swift */ = {isa = PBXFileReference; lastKnownFileType = sourcecode.swift; path = AuthFacade.swift; sourceTree = "<group>"; };
		FD3E7380E57D919B93268712 /* Pods_ExCarsTests.framework */ = {isa = PBXFileReference; explicitFileType = wrapper.framework; includeInIndex = 0; path = Pods_ExCarsTests.framework; sourceTree = BUILT_PRODUCTS_DIR; };
		FEA4426F5266D8890A9B1B9D /* Pods_ExCars.framework */ = {isa = PBXFileReference; explicitFileType = wrapper.framework; includeInIndex = 0; path = Pods_ExCars.framework; sourceTree = BUILT_PRODUCTS_DIR; };
/* End PBXFileReference section */

/* Begin PBXFrameworksBuildPhase section */
		7400C74121A153F200DFD5A3 /* Frameworks */ = {
			isa = PBXFrameworksBuildPhase;
			buildActionMask = 2147483647;
			files = (
				BD2E4109E5C82AAC0AC7AD28 /* Pods_ExCars.framework in Frameworks */,
			);
			runOnlyForDeploymentPostprocessing = 0;
		};
		7400C75521A153F500DFD5A3 /* Frameworks */ = {
			isa = PBXFrameworksBuildPhase;
			buildActionMask = 2147483647;
			files = (
			);
			runOnlyForDeploymentPostprocessing = 0;
		};
		7400C76021A153F500DFD5A3 /* Frameworks */ = {
			isa = PBXFrameworksBuildPhase;
			buildActionMask = 2147483647;
			files = (
			);
			runOnlyForDeploymentPostprocessing = 0;
		};
/* End PBXFrameworksBuildPhase section */

/* Begin PBXGroup section */
		572D50968581213D521A49BD /* Frameworks */ = {
			isa = PBXGroup;
			children = (
				FEA4426F5266D8890A9B1B9D /* Pods_ExCars.framework */,
				FD3E7380E57D919B93268712 /* Pods_ExCarsTests.framework */,
				C4F3098860B17DAC3D4991BC /* Pods_ExCarsUITests.framework */,
			);
			name = Frameworks;
			sourceTree = "<group>";
		};
		7400C73B21A153F200DFD5A3 = {
			isa = PBXGroup;
			children = (
				7400C74621A153F200DFD5A3 /* ExCars */,
				7400C75B21A153F500DFD5A3 /* ExCarsTests */,
				7400C76621A153F500DFD5A3 /* ExCarsUITests */,
				7400C74521A153F200DFD5A3 /* Products */,
				E13FEF35E88B83973C68D3C3 /* Pods */,
				572D50968581213D521A49BD /* Frameworks */,
			);
			sourceTree = "<group>";
		};
		7400C74521A153F200DFD5A3 /* Products */ = {
			isa = PBXGroup;
			children = (
				7400C74421A153F200DFD5A3 /* ExCars.app */,
				7400C75821A153F500DFD5A3 /* ExCarsTests.xctest */,
				7400C76321A153F500DFD5A3 /* ExCarsUITests.xctest */,
			);
			name = Products;
			sourceTree = "<group>";
		};
		7400C74621A153F200DFD5A3 /* ExCars */ = {
			isa = PBXGroup;
			children = (
				D5A5383922637D750068D8C1 /* RootLogic */,
				7438806D21C9670B009C339A /* Components */,
				740F6ABA21B5CECA00A955A4 /* Presenters */,
				7442FD4421A74D2D00D311F8 /* Clients */,
				7442FD4121A7385100D311F8 /* Models */,
				74A21CA721A5F5DE00982247 /* Views */,
				7415AED521A5C8F60042674A /* Controllers */,
				7400C74721A153F200DFD5A3 /* AppDelegate.swift */,
				7400C74E21A153F500DFD5A3 /* Assets.xcassets */,
				7400C75321A153F500DFD5A3 /* Info.plist */,
				745418EE21A360EA00EF3F09 /* KeyChain.swift */,
				74F1167521D375A500738E59 /* Secrets.swift */,
				748BA64021E68D0F00384CB4 /* Configuration.swift */,
				74FBBA8A21E7C5F600E5203E /* Colors.xcassets */,
			);
			path = ExCars;
			sourceTree = "<group>";
		};
		7400C75B21A153F500DFD5A3 /* ExCarsTests */ = {
			isa = PBXGroup;
			children = (
				7400C75C21A153F500DFD5A3 /* ExCarsTests.swift */,
				7400C75E21A153F500DFD5A3 /* Info.plist */,
			);
			path = ExCarsTests;
			sourceTree = "<group>";
		};
		7400C76621A153F500DFD5A3 /* ExCarsUITests */ = {
			isa = PBXGroup;
			children = (
				7400C76721A153F500DFD5A3 /* ExCarsUITests.swift */,
				7400C76921A153F500DFD5A3 /* Info.plist */,
			);
			path = ExCarsUITests;
			sourceTree = "<group>";
		};
		740F6ABA21B5CECA00A955A4 /* Presenters */ = {
			isa = PBXGroup;
			children = (
				740F6ABB21B5CEDF00A955A4 /* ExclusivePresenter.swift */,
				740F6ABD21B5DAB500A955A4 /* Presenter.swift */,
			);
			path = Presenters;
			sourceTree = "<group>";
		};
		7415AED521A5C8F60042674A /* Controllers */ = {
			isa = PBXGroup;
			children = (
				746E42C221B4352100F083C3 /* BottomViewController.swift */,
				74F7CD0921B08145003463A9 /* LaunchViewController.swift */,
				747FDFEE21A19B8E00BD8D75 /* LoginViewController.swift */,
				74F7CD0B21B08865003463A9 /* ViewController.swift */,
				749355C121F397C500E7FC1F /* MenuViewController.swift */,
				746E42BE21B4142100F083C3 /* ProfileViewController.swift */,
				7462254421B48144001E3C40 /* RideRequestViewController.swift */,
				740F6ABF21B6F31E00A955A4 /* RideViewController.swift */,
				744E6B8721B12CF4002CC847 /* WelcomeViewController.swift */,
			);
			path = Controllers;
			sourceTree = "<group>";
		};
		7438806D21C9670B009C339A /* Components */ = {
			isa = PBXGroup;
			children = (
				7438807021C990C1009C339A /* ActivityButton.swift */,
				7438806E21C9672E009C339A /* Designable.swift */,
			);
			path = Components;
			sourceTree = "<group>";
		};
		7442FD4121A7385100D311F8 /* Models */ = {
			isa = PBXGroup;
			children = (
				74E2F0CD21AC2EFF0092FEEF /* Auth.swift */,
				74FCC5A021EB974900644765 /* Destination.swift */,
				74FCC5A421EB978500644765 /* Location.swift */,
				74FCC59E21EB933D00644765 /* MapItem.swift */,
				74E2F0D321AC59C10092FEEF /* Message.swift */,
				74E2F0C721AC0E550092FEEF /* Profile.swift */,
				74A204B321C67365004B8A2D /* Ride.swift */,
				746E7EC921BC2D7D0041ACAD /* RideRequest.swift */,
				74FCC5A221EB976300644765 /* Role.swift */,
				74D3240A21B1779B0096963E /* User.swift */,
			);
			path = Models;
			sourceTree = "<group>";
		};
		7442FD4421A74D2D00D311F8 /* Clients */ = {
			isa = PBXGroup;
			children = (
				74E2F0CB21AC17650092FEEF /* APIClient.swift */,
				745418EC21A35BCA00EF3F09 /* APIRouter.swift */,
				7415AEDB21A5D1660042674A /* WSClient.swift */,
			);
			path = Clients;
			sourceTree = "<group>";
		};
		74A21CA721A5F5DE00982247 /* Views */ = {
			isa = PBXGroup;
			children = (
				74F1167F21D4171F00738E59 /* RideViewTable */,
				74D2CC4821CB0258004FD613 /* BaseProfileView.swift */,
				74D2CC4A21CB027B004FD613 /* BaseProfileView.xib */,
				7438806921C815D0009C339A /* LoginView.swift */,
				7438806B21C815DC009C339A /* LoginView.xib */,
				74693F8B21F4998C0086A615 /* MapView.swift */,
				74693F8D21F499950086A615 /* MapView.xib */,
				749355C321F3980B00E7FC1F /* MenuView.swift */,
				749355C521F398A100E7FC1F /* MenuView.xib */,
				74A21CB921A605B600982247 /* ProfileView.swift */,
				74A21CB721A605A500982247 /* ProfileView.xib */,
				74E2F0E121AD3FA10092FEEF /* RideRequestView.swift */,
				74E2F0DF21AD3F8D0092FEEF /* RideRequestView.xib */,
				746E42BC21B40E3F00F083C3 /* RideView.swift */,
				746E42BA21B40E2500F083C3 /* RideView.xib */,
				74FF005321AE9BC000D588BA /* WelcomeView.swift */,
				74FF005121AE9A8D00D588BA /* WelcomeView.xib */,
				74E2F0CF21AC37470092FEEF /* XibView.swift */,
				D59A320622645AAE006481BD /* LaunchScreen.storyboard */,
			);
			path = Views;
			sourceTree = "<group>";
		};
		74F1167F21D4171F00738E59 /* RideViewTable */ = {
			isa = PBXGroup;
			children = (
				742BCD7321C6529500403EBA /* RideViewCell.xib */,
				742BCD7521C652CF00403EBA /* RideViewCell.swift */,
				74F1167721D3F26900738E59 /* HeaderViewCell.xib */,
				74F1167921D3F37600738E59 /* HeaderViewCell.swift */,
				74F1167B21D403E300738E59 /* EmptyRideView.xib */,
				74F1167D21D403F300738E59 /* EmptyRideView.swift */,
			);
			path = RideViewTable;
			sourceTree = "<group>";
		};
		D5A5383922637D750068D8C1 /* RootLogic */ = {
			isa = PBXGroup;
			children = (
				D5A5383A22637D950068D8C1 /* AuthFacade.swift */,
			);
			path = RootLogic;
			sourceTree = "<group>";
		};
		E13FEF35E88B83973C68D3C3 /* Pods */ = {
			isa = PBXGroup;
			children = (
				3CDDA33E29E2D5384CF7A66C /* Pods-ExCars.debug.xcconfig */,
				2423949B5B65E8DEA86C77A5 /* Pods-ExCars.release.xcconfig */,
				A96F478CF922E74E5D152055 /* Pods-ExCars.dev.xcconfig */,
			);
			name = Pods;
			sourceTree = "<group>";
		};
/* End PBXGroup section */

/* Begin PBXNativeTarget section */
		7400C74321A153F200DFD5A3 /* ExCars */ = {
			isa = PBXNativeTarget;
			buildConfigurationList = 7400C76C21A153F500DFD5A3 /* Build configuration list for PBXNativeTarget "ExCars" */;
			buildPhases = (
				3A5788A0D77C1BB733181156 /* [CP] Check Pods Manifest.lock */,
				7400C74021A153F200DFD5A3 /* Sources */,
				7400C74121A153F200DFD5A3 /* Frameworks */,
				7400C74221A153F200DFD5A3 /* Resources */,
				89B3E01E22644F1D20FEB056 /* [CP] Embed Pods Frameworks */,
				CD3720ED35C743D685EBF139 /* [CP] Copy Pods Resources */,
			);
			buildRules = (
			);
			dependencies = (
			);
			name = ExCars;
			productName = ExCars;
			productReference = 7400C74421A153F200DFD5A3 /* ExCars.app */;
			productType = "com.apple.product-type.application";
		};
		7400C75721A153F500DFD5A3 /* ExCarsTests */ = {
			isa = PBXNativeTarget;
			buildConfigurationList = 7400C76F21A153F500DFD5A3 /* Build configuration list for PBXNativeTarget "ExCarsTests" */;
			buildPhases = (
				7400C75421A153F500DFD5A3 /* Sources */,
				7400C75521A153F500DFD5A3 /* Frameworks */,
				7400C75621A153F500DFD5A3 /* Resources */,
			);
			buildRules = (
			);
			dependencies = (
				7400C75A21A153F500DFD5A3 /* PBXTargetDependency */,
			);
			name = ExCarsTests;
			productName = ExCarsTests;
			productReference = 7400C75821A153F500DFD5A3 /* ExCarsTests.xctest */;
			productType = "com.apple.product-type.bundle.unit-test";
		};
		7400C76221A153F500DFD5A3 /* ExCarsUITests */ = {
			isa = PBXNativeTarget;
			buildConfigurationList = 7400C77221A153F500DFD5A3 /* Build configuration list for PBXNativeTarget "ExCarsUITests" */;
			buildPhases = (
				7400C75F21A153F500DFD5A3 /* Sources */,
				7400C76021A153F500DFD5A3 /* Frameworks */,
				7400C76121A153F500DFD5A3 /* Resources */,
			);
			buildRules = (
			);
			dependencies = (
				7400C76521A153F500DFD5A3 /* PBXTargetDependency */,
			);
			name = ExCarsUITests;
			productName = ExCarsUITests;
			productReference = 7400C76321A153F500DFD5A3 /* ExCarsUITests.xctest */;
			productType = "com.apple.product-type.bundle.ui-testing";
		};
/* End PBXNativeTarget section */

/* Begin PBXProject section */
		7400C73C21A153F200DFD5A3 /* Project object */ = {
			isa = PBXProject;
			attributes = {
				LastSwiftUpdateCheck = 1010;
				LastUpgradeCheck = 1010;
				ORGANIZATIONNAME = "Леша";
				TargetAttributes = {
					7400C74321A153F200DFD5A3 = {
						CreatedOnToolsVersion = 10.1;
						LastSwiftMigration = 1020;
					};
					7400C75721A153F500DFD5A3 = {
						CreatedOnToolsVersion = 10.1;
						LastSwiftMigration = 1020;
						TestTargetID = 7400C74321A153F200DFD5A3;
					};
					7400C76221A153F500DFD5A3 = {
						CreatedOnToolsVersion = 10.1;
						LastSwiftMigration = 1020;
						TestTargetID = 7400C74321A153F200DFD5A3;
					};
				};
			};
			buildConfigurationList = 7400C73F21A153F200DFD5A3 /* Build configuration list for PBXProject "ExCars" */;
			compatibilityVersion = "Xcode 9.3";
			developmentRegion = en;
			hasScannedForEncodings = 0;
			knownRegions = (
				en,
				Base,
			);
			mainGroup = 7400C73B21A153F200DFD5A3;
			productRefGroup = 7400C74521A153F200DFD5A3 /* Products */;
			projectDirPath = "";
			projectRoot = "";
			targets = (
				7400C74321A153F200DFD5A3 /* ExCars */,
				7400C75721A153F500DFD5A3 /* ExCarsTests */,
				7400C76221A153F500DFD5A3 /* ExCarsUITests */,
			);
		};
/* End PBXProject section */

/* Begin PBXResourcesBuildPhase section */
		7400C74221A153F200DFD5A3 /* Resources */ = {
			isa = PBXResourcesBuildPhase;
			buildActionMask = 2147483647;
			files = (
				746E42BB21B40E2500F083C3 /* RideView.xib in Resources */,
				749355C621F398A100E7FC1F /* MenuView.xib in Resources */,
				74E2F0E021AD3F8D0092FEEF /* RideRequestView.xib in Resources */,
				74FBBA8B21E7C5F600E5203E /* Colors.xcassets in Resources */,
				742BCD7421C6529500403EBA /* RideViewCell.xib in Resources */,
				74D2CC4B21CB027B004FD613 /* BaseProfileView.xib in Resources */,
				74693F8E21F499950086A615 /* MapView.xib in Resources */,
				74F1167C21D403E300738E59 /* EmptyRideView.xib in Resources */,
				74F1167821D3F26900738E59 /* HeaderViewCell.xib in Resources */,
				7438806C21C815DC009C339A /* LoginView.xib in Resources */,
				74FF005221AE9A8D00D588BA /* WelcomeView.xib in Resources */,
				D59A320722645AAE006481BD /* LaunchScreen.storyboard in Resources */,
				7400C74F21A153F500DFD5A3 /* Assets.xcassets in Resources */,
				74A21CB821A605A500982247 /* ProfileView.xib in Resources */,
			);
			runOnlyForDeploymentPostprocessing = 0;
		};
		7400C75621A153F500DFD5A3 /* Resources */ = {
			isa = PBXResourcesBuildPhase;
			buildActionMask = 2147483647;
			files = (
			);
			runOnlyForDeploymentPostprocessing = 0;
		};
		7400C76121A153F500DFD5A3 /* Resources */ = {
			isa = PBXResourcesBuildPhase;
			buildActionMask = 2147483647;
			files = (
			);
			runOnlyForDeploymentPostprocessing = 0;
		};
/* End PBXResourcesBuildPhase section */

/* Begin PBXShellScriptBuildPhase section */
		3A5788A0D77C1BB733181156 /* [CP] Check Pods Manifest.lock */ = {
			isa = PBXShellScriptBuildPhase;
			buildActionMask = 2147483647;
			files = (
			);
			inputFileListPaths = (
			);
			inputPaths = (
				"${PODS_PODFILE_DIR_PATH}/Podfile.lock",
				"${PODS_ROOT}/Manifest.lock",
			);
			name = "[CP] Check Pods Manifest.lock";
			outputFileListPaths = (
			);
			outputPaths = (
				"$(DERIVED_FILE_DIR)/Pods-ExCars-checkManifestLockResult.txt",
			);
			runOnlyForDeploymentPostprocessing = 0;
			shellPath = /bin/sh;
			shellScript = "diff \"${PODS_PODFILE_DIR_PATH}/Podfile.lock\" \"${PODS_ROOT}/Manifest.lock\" > /dev/null\nif [ $? != 0 ] ; then\n    # print error to STDERR\n    echo \"error: The sandbox is not in sync with the Podfile.lock. Run 'pod install' or update your CocoaPods installation.\" >&2\n    exit 1\nfi\n# This output is used by Xcode 'outputs' to avoid re-running this script phase.\necho \"SUCCESS\" > \"${SCRIPT_OUTPUT_FILE_0}\"\n";
			showEnvVarsInLog = 0;
		};
		89B3E01E22644F1D20FEB056 /* [CP] Embed Pods Frameworks */ = {
			isa = PBXShellScriptBuildPhase;
			buildActionMask = 2147483647;
			files = (
			);
			inputFileListPaths = (
				"${PODS_ROOT}/Target Support Files/Pods-ExCars/Pods-ExCars-frameworks-${CONFIGURATION}-input-files.xcfilelist",
			);
			name = "[CP] Embed Pods Frameworks";
			outputFileListPaths = (
				"${PODS_ROOT}/Target Support Files/Pods-ExCars/Pods-ExCars-frameworks-${CONFIGURATION}-output-files.xcfilelist",
			);
			runOnlyForDeploymentPostprocessing = 0;
			shellPath = /bin/sh;
			shellScript = "\"${PODS_ROOT}/Target Support Files/Pods-ExCars/Pods-ExCars-frameworks.sh\"\n";
			showEnvVarsInLog = 0;
		};
		CD3720ED35C743D685EBF139 /* [CP] Copy Pods Resources */ = {
			isa = PBXShellScriptBuildPhase;
			buildActionMask = 2147483647;
			files = (
			);
			inputFileListPaths = (
				"${PODS_ROOT}/Target Support Files/Pods-ExCars/Pods-ExCars-resources-${CONFIGURATION}-input-files.xcfilelist",
			);
			name = "[CP] Copy Pods Resources";
			outputFileListPaths = (
				"${PODS_ROOT}/Target Support Files/Pods-ExCars/Pods-ExCars-resources-${CONFIGURATION}-output-files.xcfilelist",
			);
			runOnlyForDeploymentPostprocessing = 0;
			shellPath = /bin/sh;
			shellScript = "\"${PODS_ROOT}/Target Support Files/Pods-ExCars/Pods-ExCars-resources.sh\"\n";
			showEnvVarsInLog = 0;
		};
/* End PBXShellScriptBuildPhase section */

/* Begin PBXSourcesBuildPhase section */
		7400C74021A153F200DFD5A3 /* Sources */ = {
			isa = PBXSourcesBuildPhase;
			buildActionMask = 2147483647;
			files = (
				74E2F0CE21AC2EFF0092FEEF /* Auth.swift in Sources */,
				745418ED21A35BCA00EF3F09 /* APIRouter.swift in Sources */,
				74FCC5A521EB978500644765 /* Location.swift in Sources */,
				740F6ABE21B5DAB500A955A4 /* Presenter.swift in Sources */,
				740F6ABC21B5CEDF00A955A4 /* ExclusivePresenter.swift in Sources */,
				74F1167621D375A500738E59 /* Secrets.swift in Sources */,
				749355C421F3980B00E7FC1F /* MenuView.swift in Sources */,
				74D2CC4921CB0258004FD613 /* BaseProfileView.swift in Sources */,
				74F7CD0C21B08866003463A9 /* ViewController.swift in Sources */,
				74FCC5A121EB974900644765 /* Destination.swift in Sources */,
				74E2F0E221AD3FA10092FEEF /* RideRequestView.swift in Sources */,
				74FCC59F21EB933D00644765 /* MapItem.swift in Sources */,
				746E42BF21B4142100F083C3 /* ProfileViewController.swift in Sources */,
				749355C221F397C500E7FC1F /* MenuViewController.swift in Sources */,
				D5A5383B22637D950068D8C1 /* AuthFacade.swift in Sources */,
				74E2F0C821AC0E550092FEEF /* Profile.swift in Sources */,
				747FDFEF21A19B8E00BD8D75 /* LoginViewController.swift in Sources */,
				740F6AC021B6F31E00A955A4 /* RideViewController.swift in Sources */,
				74A21CBA21A605B600982247 /* ProfileView.swift in Sources */,
				746E7ECA21BC2D7D0041ACAD /* RideRequest.swift in Sources */,
				7462254521B48144001E3C40 /* RideRequestViewController.swift in Sources */,
				74D3240B21B1779B0096963E /* User.swift in Sources */,
				74E2F0CC21AC17650092FEEF /* APIClient.swift in Sources */,
				742BCD7621C652CF00403EBA /* RideViewCell.swift in Sources */,
				748BA64121E68D0F00384CB4 /* Configuration.swift in Sources */,
				74693F8C21F4998C0086A615 /* MapView.swift in Sources */,
				746E42BD21B40E3F00F083C3 /* RideView.swift in Sources */,
				74FCC5A321EB976300644765 /* Role.swift in Sources */,
				745418EF21A360EA00EF3F09 /* KeyChain.swift in Sources */,
				746E42C321B4352100F083C3 /* BottomViewController.swift in Sources */,
				7438806A21C815D0009C339A /* LoginView.swift in Sources */,
				74F1167E21D403F300738E59 /* EmptyRideView.swift in Sources */,
				7415AEDC21A5D1660042674A /* WSClient.swift in Sources */,
				74A204B421C67365004B8A2D /* Ride.swift in Sources */,
				744E6B8821B12CF4002CC847 /* WelcomeViewController.swift in Sources */,
				74F7CD0A21B08145003463A9 /* LaunchViewController.swift in Sources */,
				7438806F21C9672E009C339A /* Designable.swift in Sources */,
				74F1167A21D3F37600738E59 /* HeaderViewCell.swift in Sources */,
				74E2F0D421AC59C10092FEEF /* Message.swift in Sources */,
				74E2F0D021AC37470092FEEF /* XibView.swift in Sources */,
				74FF005421AE9BC000D588BA /* WelcomeView.swift in Sources */,
				7438807121C990C1009C339A /* ActivityButton.swift in Sources */,
				7400C74821A153F200DFD5A3 /* AppDelegate.swift in Sources */,
			);
			runOnlyForDeploymentPostprocessing = 0;
		};
		7400C75421A153F500DFD5A3 /* Sources */ = {
			isa = PBXSourcesBuildPhase;
			buildActionMask = 2147483647;
			files = (
				7400C75D21A153F500DFD5A3 /* ExCarsTests.swift in Sources */,
			);
			runOnlyForDeploymentPostprocessing = 0;
		};
		7400C75F21A153F500DFD5A3 /* Sources */ = {
			isa = PBXSourcesBuildPhase;
			buildActionMask = 2147483647;
			files = (
				7400C76821A153F500DFD5A3 /* ExCarsUITests.swift in Sources */,
			);
			runOnlyForDeploymentPostprocessing = 0;
		};
/* End PBXSourcesBuildPhase section */

/* Begin PBXTargetDependency section */
		7400C75A21A153F500DFD5A3 /* PBXTargetDependency */ = {
			isa = PBXTargetDependency;
			target = 7400C74321A153F200DFD5A3 /* ExCars */;
			targetProxy = 7400C75921A153F500DFD5A3 /* PBXContainerItemProxy */;
		};
		7400C76521A153F500DFD5A3 /* PBXTargetDependency */ = {
			isa = PBXTargetDependency;
			target = 7400C74321A153F200DFD5A3 /* ExCars */;
			targetProxy = 7400C76421A153F500DFD5A3 /* PBXContainerItemProxy */;
		};
/* End PBXTargetDependency section */

/* Begin XCBuildConfiguration section */
		7400C76A21A153F500DFD5A3 /* Debug */ = {
			isa = XCBuildConfiguration;
			buildSettings = {
				ALWAYS_SEARCH_USER_PATHS = NO;
				CLANG_ANALYZER_NONNULL = YES;
				CLANG_ANALYZER_NUMBER_OBJECT_CONVERSION = YES_AGGRESSIVE;
				CLANG_CXX_LANGUAGE_STANDARD = "gnu++14";
				CLANG_CXX_LIBRARY = "libc++";
				CLANG_ENABLE_MODULES = YES;
				CLANG_ENABLE_OBJC_ARC = YES;
				CLANG_ENABLE_OBJC_WEAK = YES;
				CLANG_WARN_BLOCK_CAPTURE_AUTORELEASING = YES;
				CLANG_WARN_BOOL_CONVERSION = YES;
				CLANG_WARN_COMMA = YES;
				CLANG_WARN_CONSTANT_CONVERSION = YES;
				CLANG_WARN_DEPRECATED_OBJC_IMPLEMENTATIONS = YES;
				CLANG_WARN_DIRECT_OBJC_ISA_USAGE = YES_ERROR;
				CLANG_WARN_DOCUMENTATION_COMMENTS = YES;
				CLANG_WARN_EMPTY_BODY = YES;
				CLANG_WARN_ENUM_CONVERSION = YES;
				CLANG_WARN_INFINITE_RECURSION = YES;
				CLANG_WARN_INT_CONVERSION = YES;
				CLANG_WARN_NON_LITERAL_NULL_CONVERSION = YES;
				CLANG_WARN_OBJC_IMPLICIT_RETAIN_SELF = YES;
				CLANG_WARN_OBJC_LITERAL_CONVERSION = YES;
				CLANG_WARN_OBJC_ROOT_CLASS = YES_ERROR;
				CLANG_WARN_RANGE_LOOP_ANALYSIS = YES;
				CLANG_WARN_STRICT_PROTOTYPES = YES;
				CLANG_WARN_SUSPICIOUS_MOVE = YES;
				CLANG_WARN_UNGUARDED_AVAILABILITY = YES_AGGRESSIVE;
				CLANG_WARN_UNREACHABLE_CODE = YES;
				CLANG_WARN__DUPLICATE_METHOD_MATCH = YES;
				CODE_SIGN_IDENTITY = "iPhone Developer";
				COPY_PHASE_STRIP = NO;
				DEBUG_INFORMATION_FORMAT = dwarf;
				ENABLE_STRICT_OBJC_MSGSEND = YES;
				ENABLE_TESTABILITY = YES;
				GCC_C_LANGUAGE_STANDARD = gnu11;
				GCC_DYNAMIC_NO_PIC = NO;
				GCC_NO_COMMON_BLOCKS = YES;
				GCC_OPTIMIZATION_LEVEL = 0;
				GCC_PREPROCESSOR_DEFINITIONS = (
					"DEBUG=1",
					"$(inherited)",
				);
				GCC_WARN_64_TO_32_BIT_CONVERSION = YES;
				GCC_WARN_ABOUT_RETURN_TYPE = YES_ERROR;
				GCC_WARN_UNDECLARED_SELECTOR = YES;
				GCC_WARN_UNINITIALIZED_AUTOS = YES_AGGRESSIVE;
				GCC_WARN_UNUSED_FUNCTION = YES;
				GCC_WARN_UNUSED_VARIABLE = YES;
				IPHONEOS_DEPLOYMENT_TARGET = 12.1;
				MTL_ENABLE_DEBUG_INFO = INCLUDE_SOURCE;
				MTL_FAST_MATH = YES;
				ONLY_ACTIVE_ARCH = YES;
				SDKROOT = iphoneos;
				SWIFT_ACTIVE_COMPILATION_CONDITIONS = DEBUG;
				SWIFT_OPTIMIZATION_LEVEL = "-Onone";
				SWIFT_VERSION = 4.2;
			};
			name = Debug;
		};
		7400C76B21A153F500DFD5A3 /* Release */ = {
			isa = XCBuildConfiguration;
			buildSettings = {
				ALWAYS_SEARCH_USER_PATHS = NO;
				CLANG_ANALYZER_NONNULL = YES;
				CLANG_ANALYZER_NUMBER_OBJECT_CONVERSION = YES_AGGRESSIVE;
				CLANG_CXX_LANGUAGE_STANDARD = "gnu++14";
				CLANG_CXX_LIBRARY = "libc++";
				CLANG_ENABLE_MODULES = YES;
				CLANG_ENABLE_OBJC_ARC = YES;
				CLANG_ENABLE_OBJC_WEAK = YES;
				CLANG_WARN_BLOCK_CAPTURE_AUTORELEASING = YES;
				CLANG_WARN_BOOL_CONVERSION = YES;
				CLANG_WARN_COMMA = YES;
				CLANG_WARN_CONSTANT_CONVERSION = YES;
				CLANG_WARN_DEPRECATED_OBJC_IMPLEMENTATIONS = YES;
				CLANG_WARN_DIRECT_OBJC_ISA_USAGE = YES_ERROR;
				CLANG_WARN_DOCUMENTATION_COMMENTS = YES;
				CLANG_WARN_EMPTY_BODY = YES;
				CLANG_WARN_ENUM_CONVERSION = YES;
				CLANG_WARN_INFINITE_RECURSION = YES;
				CLANG_WARN_INT_CONVERSION = YES;
				CLANG_WARN_NON_LITERAL_NULL_CONVERSION = YES;
				CLANG_WARN_OBJC_IMPLICIT_RETAIN_SELF = YES;
				CLANG_WARN_OBJC_LITERAL_CONVERSION = YES;
				CLANG_WARN_OBJC_ROOT_CLASS = YES_ERROR;
				CLANG_WARN_RANGE_LOOP_ANALYSIS = YES;
				CLANG_WARN_STRICT_PROTOTYPES = YES;
				CLANG_WARN_SUSPICIOUS_MOVE = YES;
				CLANG_WARN_UNGUARDED_AVAILABILITY = YES_AGGRESSIVE;
				CLANG_WARN_UNREACHABLE_CODE = YES;
				CLANG_WARN__DUPLICATE_METHOD_MATCH = YES;
				CODE_SIGN_IDENTITY = "iPhone Developer";
				COPY_PHASE_STRIP = NO;
				DEBUG_INFORMATION_FORMAT = "dwarf-with-dsym";
				ENABLE_NS_ASSERTIONS = NO;
				ENABLE_STRICT_OBJC_MSGSEND = YES;
				GCC_C_LANGUAGE_STANDARD = gnu11;
				GCC_NO_COMMON_BLOCKS = YES;
				GCC_WARN_64_TO_32_BIT_CONVERSION = YES;
				GCC_WARN_ABOUT_RETURN_TYPE = YES_ERROR;
				GCC_WARN_UNDECLARED_SELECTOR = YES;
				GCC_WARN_UNINITIALIZED_AUTOS = YES_AGGRESSIVE;
				GCC_WARN_UNUSED_FUNCTION = YES;
				GCC_WARN_UNUSED_VARIABLE = YES;
				IPHONEOS_DEPLOYMENT_TARGET = 12.1;
				MTL_ENABLE_DEBUG_INFO = NO;
				MTL_FAST_MATH = YES;
				SDKROOT = iphoneos;
				SWIFT_COMPILATION_MODE = wholemodule;
				SWIFT_OPTIMIZATION_LEVEL = "-O";
				SWIFT_VERSION = 4.2;
				VALIDATE_PRODUCT = YES;
			};
			name = Release;
		};
		7400C76D21A153F500DFD5A3 /* Debug */ = {
			isa = XCBuildConfiguration;
			baseConfigurationReference = 3CDDA33E29E2D5384CF7A66C /* Pods-ExCars.debug.xcconfig */;
			buildSettings = {
				API_REST_URL = "https://excars.herokuapp.com";
				API_WS_URL = "wss://excars.herokuapp.com";
				ASSETCATALOG_COMPILER_APPICON_NAME = AppIcon;
				CODE_SIGN_IDENTITY = "iPhone Developer";
				CODE_SIGN_STYLE = Automatic;
				DEVELOPMENT_TEAM = J7QK4VSNKS;
				FRAMEWORK_SEARCH_PATHS = (
					"$(SRCROOT)/**",
					"$(inherited)",
					"\"${PODS_CONFIGURATION_BUILD_DIR}/Alamofire\"",
					"\"${PODS_CONFIGURATION_BUILD_DIR}/GTMOAuth2\"",
					"\"${PODS_CONFIGURATION_BUILD_DIR}/GTMSessionFetcher\"",
					"\"${PODS_CONFIGURATION_BUILD_DIR}/GoogleToolboxForMac\"",
					"\"${PODS_CONFIGURATION_BUILD_DIR}/KeychainAccess\"",
					"\"${PODS_CONFIGURATION_BUILD_DIR}/Starscream\"",
					"\"${PODS_ROOT}/GoogleMaps/Base/Frameworks\"",
					"\"${PODS_ROOT}/GoogleMaps/Maps/Frameworks\"",
					"\"${PODS_ROOT}/GooglePlaces/Frameworks\"",
					"\"${PODS_ROOT}/GoogleSignIn/Frameworks\"",
				);
				INFOPLIST_FILE = ExCars/Info.plist;
				IPHONEOS_DEPLOYMENT_TARGET = 11.0;
				LD_RUNPATH_SEARCH_PATHS = (
					"$(inherited)",
					"@executable_path/Frameworks",
				);
				PRODUCT_BUNDLE_IDENTIFIER = com.exness.ExCars;
				PRODUCT_NAME = "$(TARGET_NAME)";
				PROVISIONING_PROFILE_SPECIFIER = "";
				SWIFT_VERSION = 5.0;
				TARGETED_DEVICE_FAMILY = 1;
			};
			name = Debug;
		};
		7400C76E21A153F500DFD5A3 /* Release */ = {
			isa = XCBuildConfiguration;
			baseConfigurationReference = 2423949B5B65E8DEA86C77A5 /* Pods-ExCars.release.xcconfig */;
			buildSettings = {
				API_REST_URL = "https://excars.herokuapp.com";
				API_WS_URL = "wss://excars.herokuapp.com";
				ASSETCATALOG_COMPILER_APPICON_NAME = AppIcon;
				CODE_SIGN_IDENTITY = "iPhone Developer";
				CODE_SIGN_STYLE = Automatic;
				DEVELOPMENT_TEAM = J7QK4VSNKS;
				FRAMEWORK_SEARCH_PATHS = (
					"$(inherited)",
					"\"${PODS_CONFIGURATION_BUILD_DIR}/Alamofire\"",
					"\"${PODS_CONFIGURATION_BUILD_DIR}/GTMOAuth2\"",
					"\"${PODS_CONFIGURATION_BUILD_DIR}/GTMSessionFetcher\"",
					"\"${PODS_CONFIGURATION_BUILD_DIR}/GoogleToolboxForMac\"",
					"\"${PODS_CONFIGURATION_BUILD_DIR}/KeychainAccess\"",
					"\"${PODS_CONFIGURATION_BUILD_DIR}/Starscream\"",
					"\"${PODS_ROOT}/GoogleMaps/Base/Frameworks\"",
					"\"${PODS_ROOT}/GoogleMaps/Maps/Frameworks\"",
					"\"${PODS_ROOT}/GooglePlaces/Frameworks\"",
					"\"${PODS_ROOT}/GoogleSignIn/Frameworks\"",
					"$(SRCROOT)/**",
				);
				INFOPLIST_FILE = ExCars/Info.plist;
				IPHONEOS_DEPLOYMENT_TARGET = 11.0;
				LD_RUNPATH_SEARCH_PATHS = (
					"$(inherited)",
					"@executable_path/Frameworks",
				);
				PRODUCT_BUNDLE_IDENTIFIER = com.exness.ExCars;
				PRODUCT_NAME = "$(TARGET_NAME)";
				PROVISIONING_PROFILE_SPECIFIER = "";
				SWIFT_VERSION = 5.0;
				TARGETED_DEVICE_FAMILY = 1;
			};
			name = Release;
		};
		7400C77021A153F500DFD5A3 /* Debug */ = {
			isa = XCBuildConfiguration;
			buildSettings = {
				ALWAYS_EMBED_SWIFT_STANDARD_LIBRARIES = YES;
				BUNDLE_LOADER = "$(TEST_HOST)";
				CODE_SIGN_STYLE = Automatic;
				INFOPLIST_FILE = ExCarsTests/Info.plist;
				LD_RUNPATH_SEARCH_PATHS = (
					"$(inherited)",
					"@executable_path/Frameworks",
					"@loader_path/Frameworks",
				);
				PRODUCT_BUNDLE_IDENTIFIER = com.fdooch.ExCarsTests;
				PRODUCT_NAME = "$(TARGET_NAME)";
				SWIFT_VERSION = 5.0;
				TARGETED_DEVICE_FAMILY = "1,2";
				TEST_HOST = "$(BUILT_PRODUCTS_DIR)/ExCars.app/ExCars";
			};
			name = Debug;
		};
		7400C77121A153F500DFD5A3 /* Release */ = {
			isa = XCBuildConfiguration;
			buildSettings = {
				ALWAYS_EMBED_SWIFT_STANDARD_LIBRARIES = YES;
				BUNDLE_LOADER = "$(TEST_HOST)";
				CODE_SIGN_STYLE = Automatic;
				INFOPLIST_FILE = ExCarsTests/Info.plist;
				LD_RUNPATH_SEARCH_PATHS = (
					"$(inherited)",
					"@executable_path/Frameworks",
					"@loader_path/Frameworks",
				);
				PRODUCT_BUNDLE_IDENTIFIER = com.fdooch.ExCarsTests;
				PRODUCT_NAME = "$(TARGET_NAME)";
				SWIFT_VERSION = 5.0;
				TARGETED_DEVICE_FAMILY = "1,2";
				TEST_HOST = "$(BUILT_PRODUCTS_DIR)/ExCars.app/ExCars";
			};
			name = Release;
		};
		7400C77321A153F500DFD5A3 /* Debug */ = {
			isa = XCBuildConfiguration;
			buildSettings = {
				ALWAYS_EMBED_SWIFT_STANDARD_LIBRARIES = YES;
				CODE_SIGN_STYLE = Automatic;
				INFOPLIST_FILE = ExCarsUITests/Info.plist;
				LD_RUNPATH_SEARCH_PATHS = (
					"$(inherited)",
					"@executable_path/Frameworks",
					"@loader_path/Frameworks",
				);
				PRODUCT_BUNDLE_IDENTIFIER = com.fdooch.ExCarsUITests;
				PRODUCT_NAME = "$(TARGET_NAME)";
				SWIFT_VERSION = 5.0;
				TARGETED_DEVICE_FAMILY = "1,2";
				TEST_TARGET_NAME = ExCars;
			};
			name = Debug;
		};
		7400C77421A153F500DFD5A3 /* Release */ = {
			isa = XCBuildConfiguration;
			buildSettings = {
				ALWAYS_EMBED_SWIFT_STANDARD_LIBRARIES = YES;
				CODE_SIGN_STYLE = Automatic;
				INFOPLIST_FILE = ExCarsUITests/Info.plist;
				LD_RUNPATH_SEARCH_PATHS = (
					"$(inherited)",
					"@executable_path/Frameworks",
					"@loader_path/Frameworks",
				);
				PRODUCT_BUNDLE_IDENTIFIER = com.fdooch.ExCarsUITests;
				PRODUCT_NAME = "$(TARGET_NAME)";
				SWIFT_VERSION = 5.0;
				TARGETED_DEVICE_FAMILY = "1,2";
				TEST_TARGET_NAME = ExCars;
			};
			name = Release;
		};
		748BA63C21E68C8100384CB4 /* Dev */ = {
			isa = XCBuildConfiguration;
			buildSettings = {
				ALWAYS_SEARCH_USER_PATHS = NO;
				CLANG_ANALYZER_NONNULL = YES;
				CLANG_ANALYZER_NUMBER_OBJECT_CONVERSION = YES_AGGRESSIVE;
				CLANG_CXX_LANGUAGE_STANDARD = "gnu++14";
				CLANG_CXX_LIBRARY = "libc++";
				CLANG_ENABLE_MODULES = YES;
				CLANG_ENABLE_OBJC_ARC = YES;
				CLANG_ENABLE_OBJC_WEAK = YES;
				CLANG_WARN_BLOCK_CAPTURE_AUTORELEASING = YES;
				CLANG_WARN_BOOL_CONVERSION = YES;
				CLANG_WARN_COMMA = YES;
				CLANG_WARN_CONSTANT_CONVERSION = YES;
				CLANG_WARN_DEPRECATED_OBJC_IMPLEMENTATIONS = YES;
				CLANG_WARN_DIRECT_OBJC_ISA_USAGE = YES_ERROR;
				CLANG_WARN_DOCUMENTATION_COMMENTS = YES;
				CLANG_WARN_EMPTY_BODY = YES;
				CLANG_WARN_ENUM_CONVERSION = YES;
				CLANG_WARN_INFINITE_RECURSION = YES;
				CLANG_WARN_INT_CONVERSION = YES;
				CLANG_WARN_NON_LITERAL_NULL_CONVERSION = YES;
				CLANG_WARN_OBJC_IMPLICIT_RETAIN_SELF = YES;
				CLANG_WARN_OBJC_LITERAL_CONVERSION = YES;
				CLANG_WARN_OBJC_ROOT_CLASS = YES_ERROR;
				CLANG_WARN_RANGE_LOOP_ANALYSIS = YES;
				CLANG_WARN_STRICT_PROTOTYPES = YES;
				CLANG_WARN_SUSPICIOUS_MOVE = YES;
				CLANG_WARN_UNGUARDED_AVAILABILITY = YES_AGGRESSIVE;
				CLANG_WARN_UNREACHABLE_CODE = YES;
				CLANG_WARN__DUPLICATE_METHOD_MATCH = YES;
				CODE_SIGN_IDENTITY = "iPhone Developer";
				COPY_PHASE_STRIP = NO;
				DEBUG_INFORMATION_FORMAT = dwarf;
				ENABLE_STRICT_OBJC_MSGSEND = YES;
				ENABLE_TESTABILITY = YES;
				GCC_C_LANGUAGE_STANDARD = gnu11;
				GCC_DYNAMIC_NO_PIC = NO;
				GCC_NO_COMMON_BLOCKS = YES;
				GCC_OPTIMIZATION_LEVEL = 0;
				GCC_PREPROCESSOR_DEFINITIONS = (
					"DEBUG=1",
					"$(inherited)",
				);
				GCC_WARN_64_TO_32_BIT_CONVERSION = YES;
				GCC_WARN_ABOUT_RETURN_TYPE = YES_ERROR;
				GCC_WARN_UNDECLARED_SELECTOR = YES;
				GCC_WARN_UNINITIALIZED_AUTOS = YES_AGGRESSIVE;
				GCC_WARN_UNUSED_FUNCTION = YES;
				GCC_WARN_UNUSED_VARIABLE = YES;
				IPHONEOS_DEPLOYMENT_TARGET = 12.1;
				MTL_ENABLE_DEBUG_INFO = INCLUDE_SOURCE;
				MTL_FAST_MATH = YES;
				ONLY_ACTIVE_ARCH = YES;
				SDKROOT = iphoneos;
				SWIFT_ACTIVE_COMPILATION_CONDITIONS = DEBUG;
				SWIFT_OPTIMIZATION_LEVEL = "-Onone";
				SWIFT_VERSION = 4.2;
			};
			name = Dev;
		};
		748BA63D21E68C8100384CB4 /* Dev */ = {
			isa = XCBuildConfiguration;
			baseConfigurationReference = A96F478CF922E74E5D152055 /* Pods-ExCars.dev.xcconfig */;
			buildSettings = {
				API_REST_URL = "http://localhost:8000";
				API_WS_URL = "ws://localhost:8000";
				ASSETCATALOG_COMPILER_APPICON_NAME = AppIcon;
				CODE_SIGN_IDENTITY = "iPhone Developer";
				CODE_SIGN_STYLE = Automatic;
				DEVELOPMENT_TEAM = J7QK4VSNKS;
				FRAMEWORK_SEARCH_PATHS = (
					"$(SRCROOT)/**",
					"$(inherited)",
					"\"${PODS_CONFIGURATION_BUILD_DIR}/Alamofire\"",
					"\"${PODS_CONFIGURATION_BUILD_DIR}/GTMOAuth2\"",
					"\"${PODS_CONFIGURATION_BUILD_DIR}/GTMSessionFetcher\"",
					"\"${PODS_CONFIGURATION_BUILD_DIR}/GoogleToolboxForMac\"",
					"\"${PODS_CONFIGURATION_BUILD_DIR}/KeychainAccess\"",
					"\"${PODS_CONFIGURATION_BUILD_DIR}/Starscream\"",
					"\"${PODS_ROOT}/GoogleMaps/Base/Frameworks\"",
					"\"${PODS_ROOT}/GoogleMaps/Maps/Frameworks\"",
					"\"${PODS_ROOT}/GooglePlaces/Frameworks\"",
					"\"${PODS_ROOT}/GoogleSignIn/Frameworks\"",
				);
				INFOPLIST_FILE = ExCars/Info.plist;
				IPHONEOS_DEPLOYMENT_TARGET = 11.0;
				LD_RUNPATH_SEARCH_PATHS = (
					"$(inherited)",
					"@executable_path/Frameworks",
				);
				PRODUCT_BUNDLE_IDENTIFIER = com.exness.ExCars;
				PRODUCT_NAME = "$(TARGET_NAME)";
				PROVISIONING_PROFILE_SPECIFIER = "";
				SWIFT_VERSION = 5.0;
				TARGETED_DEVICE_FAMILY = 1;
			};
			name = Dev;
		};
		748BA63E21E68C8100384CB4 /* Dev */ = {
			isa = XCBuildConfiguration;
			buildSettings = {
				ALWAYS_EMBED_SWIFT_STANDARD_LIBRARIES = YES;
				BUNDLE_LOADER = "$(TEST_HOST)";
				CODE_SIGN_STYLE = Automatic;
				INFOPLIST_FILE = ExCarsTests/Info.plist;
				LD_RUNPATH_SEARCH_PATHS = (
					"$(inherited)",
					"@executable_path/Frameworks",
					"@loader_path/Frameworks",
				);
				PRODUCT_BUNDLE_IDENTIFIER = com.fdooch.ExCarsTests;
				PRODUCT_NAME = "$(TARGET_NAME)";
				SWIFT_VERSION = 5.0;
				TARGETED_DEVICE_FAMILY = "1,2";
				TEST_HOST = "$(BUILT_PRODUCTS_DIR)/ExCars.app/ExCars";
			};
			name = Dev;
		};
		748BA63F21E68C8100384CB4 /* Dev */ = {
			isa = XCBuildConfiguration;
			buildSettings = {
				ALWAYS_EMBED_SWIFT_STANDARD_LIBRARIES = YES;
				CODE_SIGN_STYLE = Automatic;
				INFOPLIST_FILE = ExCarsUITests/Info.plist;
				LD_RUNPATH_SEARCH_PATHS = (
					"$(inherited)",
					"@executable_path/Frameworks",
					"@loader_path/Frameworks",
				);
				PRODUCT_BUNDLE_IDENTIFIER = com.fdooch.ExCarsUITests;
				PRODUCT_NAME = "$(TARGET_NAME)";
				SWIFT_VERSION = 5.0;
				TARGETED_DEVICE_FAMILY = "1,2";
				TEST_TARGET_NAME = ExCars;
			};
			name = Dev;
		};
/* End XCBuildConfiguration section */

/* Begin XCConfigurationList section */
		7400C73F21A153F200DFD5A3 /* Build configuration list for PBXProject "ExCars" */ = {
			isa = XCConfigurationList;
			buildConfigurations = (
				7400C76A21A153F500DFD5A3 /* Debug */,
				748BA63C21E68C8100384CB4 /* Dev */,
				7400C76B21A153F500DFD5A3 /* Release */,
			);
			defaultConfigurationIsVisible = 0;
			defaultConfigurationName = Release;
		};
		7400C76C21A153F500DFD5A3 /* Build configuration list for PBXNativeTarget "ExCars" */ = {
			isa = XCConfigurationList;
			buildConfigurations = (
				7400C76D21A153F500DFD5A3 /* Debug */,
				748BA63D21E68C8100384CB4 /* Dev */,
				7400C76E21A153F500DFD5A3 /* Release */,
			);
			defaultConfigurationIsVisible = 0;
			defaultConfigurationName = Release;
		};
		7400C76F21A153F500DFD5A3 /* Build configuration list for PBXNativeTarget "ExCarsTests" */ = {
			isa = XCConfigurationList;
			buildConfigurations = (
				7400C77021A153F500DFD5A3 /* Debug */,
				748BA63E21E68C8100384CB4 /* Dev */,
				7400C77121A153F500DFD5A3 /* Release */,
			);
			defaultConfigurationIsVisible = 0;
			defaultConfigurationName = Release;
		};
		7400C77221A153F500DFD5A3 /* Build configuration list for PBXNativeTarget "ExCarsUITests" */ = {
			isa = XCConfigurationList;
			buildConfigurations = (
				7400C77321A153F500DFD5A3 /* Debug */,
				748BA63F21E68C8100384CB4 /* Dev */,
				7400C77421A153F500DFD5A3 /* Release */,
			);
			defaultConfigurationIsVisible = 0;
			defaultConfigurationName = Release;
		};
/* End XCConfigurationList section */
	};
	rootObject = 7400C73C21A153F200DFD5A3 /* Project object */;
}
