PODS:
  - Alamofire (5.0.0-beta.6)
  - GoogleMaps (3.1.0):
    - GoogleMaps/Maps (= 3.1.0)
  - GoogleMaps/Base (3.1.0)
  - GoogleMaps/Maps (3.1.0):
    - GoogleMaps/Base
  - GooglePlaces (3.1.0):
    - GoogleMaps/Base (= 3.1.0)
  - GoogleSignIn (4.4.0):
    - "GoogleToolboxForMac/NSDictionary+URLArguments (~> 2.1)"
    - "GoogleToolboxForMac/NSString+URLArguments (~> 2.1)"
    - GTMSessionFetcher/Core (~> 1.1)
  - GoogleToolboxForMac/DebugUtils (2.2.0):
    - GoogleToolboxForMac/Defines (= 2.2.0)
  - GoogleToolboxForMac/Defines (2.2.0)
  - "GoogleToolboxForMac/NSDictionary+URLArguments (2.2.0)":
    - GoogleToolboxForMac/DebugUtils (= 2.2.0)
    - GoogleToolboxForMac/Defines (= 2.2.0)
    - "GoogleToolboxForMac/NSString+URLArguments (= 2.2.0)"
  - "GoogleToolboxForMac/NSString+URLArguments (2.2.0)"
  - GTMSessionFetcher/Core (1.2.1)
  - KeychainAccess (3.2.0)
  - SDWebImage (5.0.2):
    - SDWebImage/Core (= 5.0.2)
  - SDWebImage/Core (5.0.2)
  - SideMenu (5.0.3)
  - SkeletonView (1.5)
  - Starscream (3.1.0)

DEPENDENCIES:
  - Alamofire (~> 5.0.0-beta.5)
  - GoogleMaps (~> 3.0)
  - GooglePlaces (~> 3.0)
  - GoogleSignIn (~> 4.4)
  - KeychainAccess (~> 3.2)
  - SDWebImage (~> 5.0)
  - SideMenu (~> 5.0)
  - SkeletonView (~> 1.4)
  - Starscream (~> 3.1)

SPEC REPOS:
  https://github.com/cocoapods/specs.git:
    - Alamofire
    - GoogleMaps
    - GooglePlaces
    - GoogleSignIn
    - GoogleToolboxForMac
    - GTMSessionFetcher
    - KeychainAccess
    - SDWebImage
    - SideMenu
    - SkeletonView
    - Starscream

SPEC CHECKSUMS:
  Alamofire: cd08a4402bd12cacd0c66f23fb12fec8d6b965e4
  GoogleMaps: 5c13302e6fe6bb6e686b267196586b91cd594225
  GooglePlaces: e874db179f2675c4f3eeda0b686b540273a578b0
  GoogleSignIn: 7ff245e1a7b26d379099d3243a562f5747e23d39
  GoogleToolboxForMac: ff31605b7d66400dcec09bed5861689aebadda4d
  GTMSessionFetcher: 32aeca0aa144acea523e1c8e053089dec2cb98ca
  KeychainAccess: 3b1bf8a77eb4c6ea1ce9404c292e48f948954c6b
  SDWebImage: 6764b5fa0f73c203728052955dbefa2bf1f33282
  SideMenu: 1dcaabce84538c53325c287f7fe62999379a641c
  SkeletonView: 6cbb80f82f8bdee3f9093e2fa03b84819b4bd826
  Starscream: 08172b481e145289c4930cb567230fb55897cfa4

PODFILE CHECKSUM: f140723449ca893ca60a29fbc9fb450d26729c79

COCOAPODS: 1.7.0.rc.1
